// !$*UTF8*$!
{
	archiveVersion = 1;
	classes = {
	};
	objectVersion = 55;
	objects = {

/* Begin PBXBuildFile section */
		2DA5C121DFB212E6C7A8F22C /* Pods_Hatch_Test.framework in Frameworks */ = {isa = PBXBuildFile; fileRef = CE32CEB3C1BC27751C386A7B /* Pods_Hatch_Test.framework */; };
		BB18FF8A27F4470B0066126F /* AppDelegate.swift in Sources */ = {isa = PBXBuildFile; fileRef = BB18FF8927F4470B0066126F /* AppDelegate.swift */; };
		BB18FF8C27F4470B0066126F /* art.scnassets in Resources */ = {isa = PBXBuildFile; fileRef = BB18FF8B27F4470B0066126F /* art.scnassets */; };
		BB18FF8E27F4470B0066126F /* ViewController.swift in Sources */ = {isa = PBXBuildFile; fileRef = BB18FF8D27F4470B0066126F /* ViewController.swift */; };
		BB18FF9127F4470B0066126F /* Main.storyboard in Resources */ = {isa = PBXBuildFile; fileRef = BB18FF8F27F4470B0066126F /* Main.storyboard */; };
		BB18FF9327F4470D0066126F /* Assets.xcassets in Resources */ = {isa = PBXBuildFile; fileRef = BB18FF9227F4470D0066126F /* Assets.xcassets */; };
		BB18FF9627F4470D0066126F /* LaunchScreen.storyboard in Resources */ = {isa = PBXBuildFile; fileRef = BB18FF9427F4470D0066126F /* LaunchScreen.storyboard */; };
		BB46423827F57C9700A87AD9 /* LoginVC.swift in Sources */ = {isa = PBXBuildFile; fileRef = BB46423727F57C9700A87AD9 /* LoginVC.swift */; };
		BB46423B27F582E600A87AD9 /* CustomToast.swift in Sources */ = {isa = PBXBuildFile; fileRef = BB46423A27F582E600A87AD9 /* CustomToast.swift */; };
		BB46423E27F5831200A87AD9 /* FirebaseInterface.swift in Sources */ = {isa = PBXBuildFile; fileRef = BB46423D27F5831200A87AD9 /* FirebaseInterface.swift */; };
		BB46424027F58A8D00A87AD9 /* SnapshotAnchor.swift in Sources */ = {isa = PBXBuildFile; fileRef = BB46423F27F58A8D00A87AD9 /* SnapshotAnchor.swift */; };
		BB46424627F5B48200A87AD9 /* ARData.swift in Sources */ = {isa = PBXBuildFile; fileRef = BB46424527F5B48200A87AD9 /* ARData.swift */; };
		BB46424827F5B9E800A87AD9 /* FirestoreInterface.swift in Sources */ = {isa = PBXBuildFile; fileRef = BB46424727F5B9E800A87AD9 /* FirestoreInterface.swift */; };
		BBC6D50D27F57A5E00CFA6A8 /* GoogleService-Info.plist in Resources */ = {isa = PBXBuildFile; fileRef = BBC6D50C27F57A5E00CFA6A8 /* GoogleService-Info.plist */; };
/* End PBXBuildFile section */

/* Begin PBXFileReference section */
		0DC2C95525A05A2E876CBF40 /* Pods-Hatch-Test.debug.xcconfig */ = {isa = PBXFileReference; includeInIndex = 1; lastKnownFileType = text.xcconfig; name = "Pods-Hatch-Test.debug.xcconfig"; path = "Target Support Files/Pods-Hatch-Test/Pods-Hatch-Test.debug.xcconfig"; sourceTree = "<group>"; };
		34D02AEB7AE7C48A094DFCF3 /* Pods-Hatch-Test.release.xcconfig */ = {isa = PBXFileReference; includeInIndex = 1; lastKnownFileType = text.xcconfig; name = "Pods-Hatch-Test.release.xcconfig"; path = "Target Support Files/Pods-Hatch-Test/Pods-Hatch-Test.release.xcconfig"; sourceTree = "<group>"; };
		BB18FF8627F4470B0066126F /* Hatch-Test.app */ = {isa = PBXFileReference; explicitFileType = wrapper.application; includeInIndex = 0; path = "Hatch-Test.app"; sourceTree = BUILT_PRODUCTS_DIR; };
		BB18FF8927F4470B0066126F /* AppDelegate.swift */ = {isa = PBXFileReference; lastKnownFileType = sourcecode.swift; path = AppDelegate.swift; sourceTree = "<group>"; };
		BB18FF8B27F4470B0066126F /* art.scnassets */ = {isa = PBXFileReference; lastKnownFileType = wrapper.scnassets; path = art.scnassets; sourceTree = "<group>"; };
		BB18FF8D27F4470B0066126F /* ViewController.swift */ = {isa = PBXFileReference; lastKnownFileType = sourcecode.swift; path = ViewController.swift; sourceTree = "<group>"; };
		BB18FF9027F4470B0066126F /* Base */ = {isa = PBXFileReference; lastKnownFileType = file.storyboard; name = Base; path = Base.lproj/Main.storyboard; sourceTree = "<group>"; };
		BB18FF9227F4470D0066126F /* Assets.xcassets */ = {isa = PBXFileReference; lastKnownFileType = folder.assetcatalog; path = Assets.xcassets; sourceTree = "<group>"; };
		BB18FF9527F4470D0066126F /* Base */ = {isa = PBXFileReference; lastKnownFileType = file.storyboard; name = Base; path = Base.lproj/LaunchScreen.storyboard; sourceTree = "<group>"; };
		BB46423727F57C9700A87AD9 /* LoginVC.swift */ = {isa = PBXFileReference; lastKnownFileType = sourcecode.swift; path = LoginVC.swift; sourceTree = "<group>"; };
		BB46423A27F582E600A87AD9 /* CustomToast.swift */ = {isa = PBXFileReference; lastKnownFileType = sourcecode.swift; path = CustomToast.swift; sourceTree = "<group>"; };
		BB46423D27F5831200A87AD9 /* FirebaseInterface.swift */ = {isa = PBXFileReference; lastKnownFileType = sourcecode.swift; path = FirebaseInterface.swift; sourceTree = "<group>"; };
		BB46423F27F58A8D00A87AD9 /* SnapshotAnchor.swift */ = {isa = PBXFileReference; lastKnownFileType = sourcecode.swift; path = SnapshotAnchor.swift; sourceTree = "<group>"; };
		BB46424527F5B48200A87AD9 /* ARData.swift */ = {isa = PBXFileReference; lastKnownFileType = sourcecode.swift; path = ARData.swift; sourceTree = "<group>"; };
		BB46424727F5B9E800A87AD9 /* FirestoreInterface.swift */ = {isa = PBXFileReference; lastKnownFileType = sourcecode.swift; path = FirestoreInterface.swift; sourceTree = "<group>"; };
		BBC6D50C27F57A5E00CFA6A8 /* GoogleService-Info.plist */ = {isa = PBXFileReference; fileEncoding = 4; lastKnownFileType = text.plist.xml; path = "GoogleService-Info.plist"; sourceTree = "<group>"; };
		CE32CEB3C1BC27751C386A7B /* Pods_Hatch_Test.framework */ = {isa = PBXFileReference; explicitFileType = wrapper.framework; includeInIndex = 0; path = Pods_Hatch_Test.framework; sourceTree = BUILT_PRODUCTS_DIR; };
/* End PBXFileReference section */

/* Begin PBXFrameworksBuildPhase section */
		BB18FF8327F4470B0066126F /* Frameworks */ = {
			isa = PBXFrameworksBuildPhase;
			buildActionMask = 2147483647;
			files = (
				2DA5C121DFB212E6C7A8F22C /* Pods_Hatch_Test.framework in Frameworks */,
			);
			runOnlyForDeploymentPostprocessing = 0;
		};
/* End PBXFrameworksBuildPhase section */

/* Begin PBXGroup section */
		417E0F870CB6E7FA5270F370 /* Pods */ = {
			isa = PBXGroup;
			children = (
				0DC2C95525A05A2E876CBF40 /* Pods-Hatch-Test.debug.xcconfig */,
				34D02AEB7AE7C48A094DFCF3 /* Pods-Hatch-Test.release.xcconfig */,
			);
			path = Pods;
			sourceTree = "<group>";
		};
		BB18FF7D27F4470B0066126F = {
			isa = PBXGroup;
			children = (
				BB18FF8827F4470B0066126F /* Hatch-Test */,
				BB18FF8727F4470B0066126F /* Products */,
				417E0F870CB6E7FA5270F370 /* Pods */,
				EE35A514351976054CDD1838 /* Frameworks */,
			);
			sourceTree = "<group>";
		};
		BB18FF8727F4470B0066126F /* Products */ = {
			isa = PBXGroup;
			children = (
				BB18FF8627F4470B0066126F /* Hatch-Test.app */,
			);
			name = Products;
			sourceTree = "<group>";
		};
		BB18FF8827F4470B0066126F /* Hatch-Test */ = {
			isa = PBXGroup;
			children = (
				BB46423C27F5830100A87AD9 /* FirebaseHelpers */,
				BB46423927F582D200A87AD9 /* Helpers */,
				BBC6D50C27F57A5E00CFA6A8 /* GoogleService-Info.plist */,
				BB18FF8927F4470B0066126F /* AppDelegate.swift */,
				BB46424527F5B48200A87AD9 /* ARData.swift */,
				BB18FF8D27F4470B0066126F /* ViewController.swift */,
				BB46423F27F58A8D00A87AD9 /* SnapshotAnchor.swift */,
				BB46423727F57C9700A87AD9 /* LoginVC.swift */,
				BB18FF8F27F4470B0066126F /* Main.storyboard */,
				BB18FF8B27F4470B0066126F /* art.scnassets */,
				BB18FF9227F4470D0066126F /* Assets.xcassets */,
				BB18FF9427F4470D0066126F /* LaunchScreen.storyboard */,
			);
			path = "Hatch-Test";
			sourceTree = "<group>";
		};
		BB46423927F582D200A87AD9 /* Helpers */ = {
			isa = PBXGroup;
			children = (
				BB46423A27F582E600A87AD9 /* CustomToast.swift */,
			);
			path = Helpers;
			sourceTree = "<group>";
		};
		BB46423C27F5830100A87AD9 /* FirebaseHelpers */ = {
			isa = PBXGroup;
			children = (
				BB46423D27F5831200A87AD9 /* FirebaseInterface.swift */,
				BB46424727F5B9E800A87AD9 /* FirestoreInterface.swift */,
			);
			path = FirebaseHelpers;
			sourceTree = "<group>";
		};
		EE35A514351976054CDD1838 /* Frameworks */ = {
			isa = PBXGroup;
			children = (
				CE32CEB3C1BC27751C386A7B /* Pods_Hatch_Test.framework */,
			);
			name = Frameworks;
			sourceTree = "<group>";
		};
/* End PBXGroup section */

/* Begin PBXNativeTarget section */
		BB18FF8527F4470B0066126F /* Hatch-Test */ = {
			isa = PBXNativeTarget;
			buildConfigurationList = BB18FF9927F4470D0066126F /* Build configuration list for PBXNativeTarget "Hatch-Test" */;
			buildPhases = (
				F4FE17707C54ECD9161EDC0D /* [CP] Check Pods Manifest.lock */,
				BB18FF8227F4470B0066126F /* Sources */,
				BB18FF8327F4470B0066126F /* Frameworks */,
				BB18FF8427F4470B0066126F /* Resources */,
				FA5BA0BEB72518CD332D6458 /* [CP] Embed Pods Frameworks */,
			);
			buildRules = (
			);
			dependencies = (
			);
			name = "Hatch-Test";
			productName = "Hatch-Test";
			productReference = BB18FF8627F4470B0066126F /* Hatch-Test.app */;
			productType = "com.apple.product-type.application";
		};
/* End PBXNativeTarget section */

/* Begin PBXProject section */
		BB18FF7E27F4470B0066126F /* Project object */ = {
			isa = PBXProject;
			attributes = {
				BuildIndependentTargetsInParallel = 1;
				LastSwiftUpdateCheck = 1330;
				LastUpgradeCheck = 1330;
				TargetAttributes = {
					BB18FF8527F4470B0066126F = {
						CreatedOnToolsVersion = 13.3;
					};
				};
			};
			buildConfigurationList = BB18FF8127F4470B0066126F /* Build configuration list for PBXProject "Hatch-Test" */;
			compatibilityVersion = "Xcode 13.0";
			developmentRegion = en;
			hasScannedForEncodings = 0;
			knownRegions = (
				en,
				Base,
			);
			mainGroup = BB18FF7D27F4470B0066126F;
			productRefGroup = BB18FF8727F4470B0066126F /* Products */;
			projectDirPath = "";
			projectRoot = "";
			targets = (
				BB18FF8527F4470B0066126F /* Hatch-Test */,
			);
		};
/* End PBXProject section */

/* Begin PBXResourcesBuildPhase section */
		BB18FF8427F4470B0066126F /* Resources */ = {
			isa = PBXResourcesBuildPhase;
			buildActionMask = 2147483647;
			files = (
				BB18FF8C27F4470B0066126F /* art.scnassets in Resources */,
				BB18FF9627F4470D0066126F /* LaunchScreen.storyboard in Resources */,
				BBC6D50D27F57A5E00CFA6A8 /* GoogleService-Info.plist in Resources */,
				BB18FF9327F4470D0066126F /* Assets.xcassets in Resources */,
				BB18FF9127F4470B0066126F /* Main.storyboard in Resources */,
			);
			runOnlyForDeploymentPostprocessing = 0;
		};
/* End PBXResourcesBuildPhase section */

/* Begin PBXShellScriptBuildPhase section */
		F4FE17707C54ECD9161EDC0D /* [CP] Check Pods Manifest.lock */ = {
			isa = PBXShellScriptBuildPhase;
			buildActionMask = 2147483647;
			files = (
			);
			inputFileListPaths = (
			);
			inputPaths = (
				"${PODS_PODFILE_DIR_PATH}/Podfile.lock",
				"${PODS_ROOT}/Manifest.lock",
			);
			name = "[CP] Check Pods Manifest.lock";
			outputFileListPaths = (
			);
			outputPaths = (
				"$(DERIVED_FILE_DIR)/Pods-Hatch-Test-checkManifestLockResult.txt",
			);
			runOnlyForDeploymentPostprocessing = 0;
			shellPath = /bin/sh;
			shellScript = "diff \"${PODS_PODFILE_DIR_PATH}/Podfile.lock\" \"${PODS_ROOT}/Manifest.lock\" > /dev/null\nif [ $? != 0 ] ; then\n    # print error to STDERR\n    echo \"error: The sandbox is not in sync with the Podfile.lock. Run 'pod install' or update your CocoaPods installation.\" >&2\n    exit 1\nfi\n# This output is used by Xcode 'outputs' to avoid re-running this script phase.\necho \"SUCCESS\" > \"${SCRIPT_OUTPUT_FILE_0}\"\n";
			showEnvVarsInLog = 0;
		};
		FA5BA0BEB72518CD332D6458 /* [CP] Embed Pods Frameworks */ = {
			isa = PBXShellScriptBuildPhase;
			buildActionMask = 2147483647;
			files = (
			);
			inputFileListPaths = (
				"${PODS_ROOT}/Target Support Files/Pods-Hatch-Test/Pods-Hatch-Test-frameworks-${CONFIGURATION}-input-files.xcfilelist",
			);
			name = "[CP] Embed Pods Frameworks";
			outputFileListPaths = (
				"${PODS_ROOT}/Target Support Files/Pods-Hatch-Test/Pods-Hatch-Test-frameworks-${CONFIGURATION}-output-files.xcfilelist",
			);
			runOnlyForDeploymentPostprocessing = 0;
			shellPath = /bin/sh;
			shellScript = "\"${PODS_ROOT}/Target Support Files/Pods-Hatch-Test/Pods-Hatch-Test-frameworks.sh\"\n";
			showEnvVarsInLog = 0;
		};
/* End PBXShellScriptBuildPhase section */

/* Begin PBXSourcesBuildPhase section */
		BB18FF8227F4470B0066126F /* Sources */ = {
			isa = PBXSourcesBuildPhase;
			buildActionMask = 2147483647;
			files = (
				BB18FF8E27F4470B0066126F /* ViewController.swift in Sources */,
				BB18FF8A27F4470B0066126F /* AppDelegate.swift in Sources */,
				BB46423B27F582E600A87AD9 /* CustomToast.swift in Sources */,
				BB46424827F5B9E800A87AD9 /* FirestoreInterface.swift in Sources */,
				BB46424627F5B48200A87AD9 /* ARData.swift in Sources */,
				BB46423E27F5831200A87AD9 /* FirebaseInterface.swift in Sources */,
				BB46424027F58A8D00A87AD9 /* SnapshotAnchor.swift in Sources */,
				BB46423827F57C9700A87AD9 /* LoginVC.swift in Sources */,
			);
			runOnlyForDeploymentPostprocessing = 0;
		};
/* End PBXSourcesBuildPhase section */

/* Begin PBXVariantGroup section */
		BB18FF8F27F4470B0066126F /* Main.storyboard */ = {
			isa = PBXVariantGroup;
			children = (
				BB18FF9027F4470B0066126F /* Base */,
			);
			name = Main.storyboard;
			sourceTree = "<group>";
		};
		BB18FF9427F4470D0066126F /* LaunchScreen.storyboard */ = {
			isa = PBXVariantGroup;
			children = (
				BB18FF9527F4470D0066126F /* Base */,
			);
			name = LaunchScreen.storyboard;
			sourceTree = "<group>";
		};
/* End PBXVariantGroup section */

/* Begin XCBuildConfiguration section */
		BB18FF9727F4470D0066126F /* Debug */ = {
			isa = XCBuildConfiguration;
			buildSettings = {
				ALWAYS_SEARCH_USER_PATHS = NO;
				CLANG_ANALYZER_NONNULL = YES;
				CLANG_ANALYZER_NUMBER_OBJECT_CONVERSION = YES_AGGRESSIVE;
				CLANG_CXX_LANGUAGE_STANDARD = "gnu++17";
				CLANG_ENABLE_MODULES = YES;
				CLANG_ENABLE_OBJC_ARC = YES;
				CLANG_ENABLE_OBJC_WEAK = YES;
				CLANG_WARN_BLOCK_CAPTURE_AUTORELEASING = YES;
				CLANG_WARN_BOOL_CONVERSION = YES;
				CLANG_WARN_COMMA = YES;
				CLANG_WARN_CONSTANT_CONVERSION = YES;
				CLANG_WARN_DEPRECATED_OBJC_IMPLEMENTATIONS = YES;
				CLANG_WARN_DIRECT_OBJC_ISA_USAGE = YES_ERROR;
				CLANG_WARN_DOCUMENTATION_COMMENTS = YES;
				CLANG_WARN_EMPTY_BODY = YES;
				CLANG_WARN_ENUM_CONVERSION = YES;
				CLANG_WARN_INFINITE_RECURSION = YES;
				CLANG_WARN_INT_CONVERSION = YES;
				CLANG_WARN_NON_LITERAL_NULL_CONVERSION = YES;
				CLANG_WARN_OBJC_IMPLICIT_RETAIN_SELF = YES;
				CLANG_WARN_OBJC_LITERAL_CONVERSION = YES;
				CLANG_WARN_OBJC_ROOT_CLASS = YES_ERROR;
				CLANG_WARN_QUOTED_INCLUDE_IN_FRAMEWORK_HEADER = YES;
				CLANG_WARN_RANGE_LOOP_ANALYSIS = YES;
				CLANG_WARN_STRICT_PROTOTYPES = YES;
				CLANG_WARN_SUSPICIOUS_MOVE = YES;
				CLANG_WARN_UNGUARDED_AVAILABILITY = YES_AGGRESSIVE;
				CLANG_WARN_UNREACHABLE_CODE = YES;
				CLANG_WARN__DUPLICATE_METHOD_MATCH = YES;
				COPY_PHASE_STRIP = NO;
				DEBUG_INFORMATION_FORMAT = dwarf;
				ENABLE_STRICT_OBJC_MSGSEND = YES;
				ENABLE_TESTABILITY = YES;
				GCC_C_LANGUAGE_STANDARD = gnu11;
				GCC_DYNAMIC_NO_PIC = NO;
				GCC_NO_COMMON_BLOCKS = YES;
				GCC_OPTIMIZATION_LEVEL = 0;
				GCC_PREPROCESSOR_DEFINITIONS = (
					"DEBUG=1",
					"$(inherited)",
				);
				GCC_WARN_64_TO_32_BIT_CONVERSION = YES;
				GCC_WARN_ABOUT_RETURN_TYPE = YES_ERROR;
				GCC_WARN_UNDECLARED_SELECTOR = YES;
				GCC_WARN_UNINITIALIZED_AUTOS = YES_AGGRESSIVE;
				GCC_WARN_UNUSED_FUNCTION = YES;
				GCC_WARN_UNUSED_VARIABLE = YES;
				IPHONEOS_DEPLOYMENT_TARGET = 15.4;
				MTL_ENABLE_DEBUG_INFO = INCLUDE_SOURCE;
				MTL_FAST_MATH = YES;
				ONLY_ACTIVE_ARCH = YES;
				SDKROOT = iphoneos;
				SWIFT_ACTIVE_COMPILATION_CONDITIONS = DEBUG;
				SWIFT_OPTIMIZATION_LEVEL = "-Onone";
			};
			name = Debug;
		};
		BB18FF9827F4470D0066126F /* Release */ = {
			isa = XCBuildConfiguration;
			buildSettings = {
				ALWAYS_SEARCH_USER_PATHS = NO;
				CLANG_ANALYZER_NONNULL = YES;
				CLANG_ANALYZER_NUMBER_OBJECT_CONVERSION = YES_AGGRESSIVE;
				CLANG_CXX_LANGUAGE_STANDARD = "gnu++17";
				CLANG_ENABLE_MODULES = YES;
				CLANG_ENABLE_OBJC_ARC = YES;
				CLANG_ENABLE_OBJC_WEAK = YES;
				CLANG_WARN_BLOCK_CAPTURE_AUTORELEASING = YES;
				CLANG_WARN_BOOL_CONVERSION = YES;
				CLANG_WARN_COMMA = YES;
				CLANG_WARN_CONSTANT_CONVERSION = YES;
				CLANG_WARN_DEPRECATED_OBJC_IMPLEMENTATIONS = YES;
				CLANG_WARN_DIRECT_OBJC_ISA_USAGE = YES_ERROR;
				CLANG_WARN_DOCUMENTATION_COMMENTS = YES;
				CLANG_WARN_EMPTY_BODY = YES;
				CLANG_WARN_ENUM_CONVERSION = YES;
				CLANG_WARN_INFINITE_RECURSION = YES;
				CLANG_WARN_INT_CONVERSION = YES;
				CLANG_WARN_NON_LITERAL_NULL_CONVERSION = YES;
				CLANG_WARN_OBJC_IMPLICIT_RETAIN_SELF = YES;
				CLANG_WARN_OBJC_LITERAL_CONVERSION = YES;
				CLANG_WARN_OBJC_ROOT_CLASS = YES_ERROR;
				CLANG_WARN_QUOTED_INCLUDE_IN_FRAMEWORK_HEADER = YES;
				CLANG_WARN_RANGE_LOOP_ANALYSIS = YES;
				CLANG_WARN_STRICT_PROTOTYPES = YES;
				CLANG_WARN_SUSPICIOUS_MOVE = YES;
				CLANG_WARN_UNGUARDED_AVAILABILITY = YES_AGGRESSIVE;
				CLANG_WARN_UNREACHABLE_CODE = YES;
				CLANG_WARN__DUPLICATE_METHOD_MATCH = YES;
				COPY_PHASE_STRIP = NO;
				DEBUG_INFORMATION_FORMAT = "dwarf-with-dsym";
				ENABLE_NS_ASSERTIONS = NO;
				ENABLE_STRICT_OBJC_MSGSEND = YES;
				GCC_C_LANGUAGE_STANDARD = gnu11;
				GCC_NO_COMMON_BLOCKS = YES;
				GCC_WARN_64_TO_32_BIT_CONVERSION = YES;
				GCC_WARN_ABOUT_RETURN_TYPE = YES_ERROR;
				GCC_WARN_UNDECLARED_SELECTOR = YES;
				GCC_WARN_UNINITIALIZED_AUTOS = YES_AGGRESSIVE;
				GCC_WARN_UNUSED_FUNCTION = YES;
				GCC_WARN_UNUSED_VARIABLE = YES;
				IPHONEOS_DEPLOYMENT_TARGET = 15.4;
				MTL_ENABLE_DEBUG_INFO = NO;
				MTL_FAST_MATH = YES;
				SDKROOT = iphoneos;
				SWIFT_COMPILATION_MODE = wholemodule;
				SWIFT_OPTIMIZATION_LEVEL = "-O";
				VALIDATE_PRODUCT = YES;
			};
			name = Release;
		};
		BB18FF9A27F4470D0066126F /* Debug */ = {
			isa = XCBuildConfiguration;
			baseConfigurationReference = 0DC2C95525A05A2E876CBF40 /* Pods-Hatch-Test.debug.xcconfig */;
			buildSettings = {
				ASSETCATALOG_COMPILER_APPICON_NAME = AppIcon;
				ASSETCATALOG_COMPILER_GLOBAL_ACCENT_COLOR_NAME = AccentColor;
				CODE_SIGN_STYLE = Automatic;
				CURRENT_PROJECT_VERSION = 1;
				DEVELOPMENT_TEAM = X8MJW4756W;
				GENERATE_INFOPLIST_FILE = YES;
				INFOPLIST_KEY_NSCameraUsageDescription = "";
				INFOPLIST_KEY_UIApplicationSupportsIndirectInputEvents = YES;
				INFOPLIST_KEY_UILaunchStoryboardName = LaunchScreen;
				INFOPLIST_KEY_UIMainStoryboardFile = Main;
				INFOPLIST_KEY_UIRequiredDeviceCapabilities = arkit;
				INFOPLIST_KEY_UIStatusBarHidden = YES;
				INFOPLIST_KEY_UISupportedInterfaceOrientations_iPad = "UIInterfaceOrientationPortrait UIInterfaceOrientationPortraitUpsideDown UIInterfaceOrientationLandscapeLeft UIInterfaceOrientationLandscapeRight";
				INFOPLIST_KEY_UISupportedInterfaceOrientations_iPhone = "UIInterfaceOrientationPortrait UIInterfaceOrientationLandscapeLeft UIInterfaceOrientationLandscapeRight";
				LD_RUNPATH_SEARCH_PATHS = (
					"$(inherited)",
					"@executable_path/Frameworks",
				);
				MARKETING_VERSION = 1.0;
				PRODUCT_BUNDLE_IDENTIFIER = "IAB.Hatch-Test";
				PRODUCT_NAME = "$(TARGET_NAME)";
				SWIFT_EMIT_LOC_STRINGS = YES;
				SWIFT_VERSION = 5.0;
				TARGETED_DEVICE_FAMILY = "1,2";
			};
			name = Debug;
		};
		BB18FF9B27F4470D0066126F /* Release */ = {
			isa = XCBuildConfiguration;
			baseConfigurationReference = 34D02AEB7AE7C48A094DFCF3 /* Pods-Hatch-Test.release.xcconfig */;
			buildSettings = {
				ASSETCATALOG_COMPILER_APPICON_NAME = AppIcon;
				ASSETCATALOG_COMPILER_GLOBAL_ACCENT_COLOR_NAME = AccentColor;
				CODE_SIGN_STYLE = Automatic;
				CURRENT_PROJECT_VERSION = 1;
				DEVELOPMENT_TEAM = X8MJW4756W;
				GENERATE_INFOPLIST_FILE = YES;
				INFOPLIST_KEY_NSCameraUsageDescription = "";
				INFOPLIST_KEY_UIApplicationSupportsIndirectInputEvents = YES;
				INFOPLIST_KEY_UILaunchStoryboardName = LaunchScreen;
				INFOPLIST_KEY_UIMainStoryboardFile = Main;
				INFOPLIST_KEY_UIRequiredDeviceCapabilities = arkit;
				INFOPLIST_KEY_UIStatusBarHidden = YES;
				INFOPLIST_KEY_UISupportedInterfaceOrientations_iPad = "UIInterfaceOrientationPortrait UIInterfaceOrientationPortraitUpsideDown UIInterfaceOrientationLandscapeLeft UIInterfaceOrientationLandscapeRight";
				INFOPLIST_KEY_UISupportedInterfaceOrientations_iPhone = "UIInterfaceOrientationPortrait UIInterfaceOrientationLandscapeLeft UIInterfaceOrientationLandscapeRight";
				LD_RUNPATH_SEARCH_PATHS = (
					"$(inherited)",
					"@executable_path/Frameworks",
				);
				MARKETING_VERSION = 1.0;
				PRODUCT_BUNDLE_IDENTIFIER = "IAB.Hatch-Test";
				PRODUCT_NAME = "$(TARGET_NAME)";
				SWIFT_EMIT_LOC_STRINGS = YES;
				SWIFT_VERSION = 5.0;
				TARGETED_DEVICE_FAMILY = "1,2";
			};
			name = Release;
		};
/* End XCBuildConfiguration section */

/* Begin XCConfigurationList section */
		BB18FF8127F4470B0066126F /* Build configuration list for PBXProject "Hatch-Test" */ = {
			isa = XCConfigurationList;
			buildConfigurations = (
				BB18FF9727F4470D0066126F /* Debug */,
				BB18FF9827F4470D0066126F /* Release */,
			);
			defaultConfigurationIsVisible = 0;
			defaultConfigurationName = Release;
		};
		BB18FF9927F4470D0066126F /* Build configuration list for PBXNativeTarget "Hatch-Test" */ = {
			isa = XCConfigurationList;
			buildConfigurations = (
				BB18FF9A27F4470D0066126F /* Debug */,
				BB18FF9B27F4470D0066126F /* Release */,
			);
			defaultConfigurationIsVisible = 0;
			defaultConfigurationName = Release;
		};
/* End XCConfigurationList section */
	};
	rootObject = BB18FF7E27F4470B0066126F /* Project object */;
}
